// !$*UTF8*$!
{
	archiveVersion = 1;
	classes = {
	};
	objectVersion = 56;
	objects = {

/* Begin PBXBuildFile section */
		D1D6C72129B6BF64003199D3 /* AppDelegate.swift in Sources */ = {isa = PBXBuildFile; fileRef = D1D6C72029B6BF64003199D3 /* AppDelegate.swift */; };
		D1D6C72329B6BF64003199D3 /* SceneDelegate.swift in Sources */ = {isa = PBXBuildFile; fileRef = D1D6C72229B6BF64003199D3 /* SceneDelegate.swift */; };
		D1D6C72529B6BF64003199D3 /* ViewController.swift in Sources */ = {isa = PBXBuildFile; fileRef = D1D6C72429B6BF64003199D3 /* ViewController.swift */; };
		D1D6C72829B6BF64003199D3 /* Main.storyboard in Resources */ = {isa = PBXBuildFile; fileRef = D1D6C72629B6BF64003199D3 /* Main.storyboard */; };
		D1D6C72A29B6BF66003199D3 /* Assets.xcassets in Resources */ = {isa = PBXBuildFile; fileRef = D1D6C72929B6BF66003199D3 /* Assets.xcassets */; };
		D1D6C72D29B6BF66003199D3 /* LaunchScreen.storyboard in Resources */ = {isa = PBXBuildFile; fileRef = D1D6C72B29B6BF66003199D3 /* LaunchScreen.storyboard */; };
		D1D6C73729B6CF4A003199D3 /* Models in Resources */ = {isa = PBXBuildFile; fileRef = D1D6C73629B6CF4A003199D3 /* Models */; };
		D1D6C73B29B6D28C003199D3 /* MoviesViewController.swift in Sources */ = {isa = PBXBuildFile; fileRef = D1D6C73A29B6D28B003199D3 /* MoviesViewController.swift */; };
		D1D6C73D29B6D2C3003199D3 /* DetailViewController.swift in Sources */ = {isa = PBXBuildFile; fileRef = D1D6C73C29B6D2C3003199D3 /* DetailViewController.swift */; };
		D1D6C74029B6D3E3003199D3 /* Nuke in Frameworks */ = {isa = PBXBuildFile; productRef = D1D6C73F29B6D3E3003199D3 /* Nuke */; };
		D1D6C74229B6D3E3003199D3 /* NukeExtensions in Frameworks */ = {isa = PBXBuildFile; productRef = D1D6C74129B6D3E3003199D3 /* NukeExtensions */; };
		D1D6C74429B6D3E3003199D3 /* NukeUI in Frameworks */ = {isa = PBXBuildFile; productRef = D1D6C74329B6D3E3003199D3 /* NukeUI */; };
		D1D6C74629B6D3E3003199D3 /* NukeVideo in Frameworks */ = {isa = PBXBuildFile; productRef = D1D6C74529B6D3E3003199D3 /* NukeVideo */; };
		D1D6C74929B6DD3A003199D3 /* Movie.swift in Sources */ = {isa = PBXBuildFile; fileRef = D1D6C74829B6DD3A003199D3 /* Movie.swift */; };
		D1D6C74D29B6E29B003199D3 /* MovieCell.swift in Sources */ = {isa = PBXBuildFile; fileRef = D1D6C74C29B6E29B003199D3 /* MovieCell.swift */; };
/* End PBXBuildFile section */

/* Begin PBXFileReference section */
		D1D6C71D29B6BF64003199D3 /* Flixster_PT1.app */ = {isa = PBXFileReference; explicitFileType = wrapper.application; includeInIndex = 0; path = Flixster_PT1.app; sourceTree = BUILT_PRODUCTS_DIR; };
		D1D6C72029B6BF64003199D3 /* AppDelegate.swift */ = {isa = PBXFileReference; lastKnownFileType = sourcecode.swift; path = AppDelegate.swift; sourceTree = "<group>"; };
		D1D6C72229B6BF64003199D3 /* SceneDelegate.swift */ = {isa = PBXFileReference; lastKnownFileType = sourcecode.swift; path = SceneDelegate.swift; sourceTree = "<group>"; };
		D1D6C72429B6BF64003199D3 /* ViewController.swift */ = {isa = PBXFileReference; lastKnownFileType = sourcecode.swift; path = ViewController.swift; sourceTree = "<group>"; };
		D1D6C72729B6BF64003199D3 /* Base */ = {isa = PBXFileReference; lastKnownFileType = file.storyboard; name = Base; path = Base.lproj/Main.storyboard; sourceTree = "<group>"; };
		D1D6C72929B6BF66003199D3 /* Assets.xcassets */ = {isa = PBXFileReference; lastKnownFileType = folder.assetcatalog; path = Assets.xcassets; sourceTree = "<group>"; };
		D1D6C72C29B6BF66003199D3 /* Base */ = {isa = PBXFileReference; lastKnownFileType = file.storyboard; name = Base; path = Base.lproj/LaunchScreen.storyboard; sourceTree = "<group>"; };
		D1D6C72E29B6BF66003199D3 /* Info.plist */ = {isa = PBXFileReference; lastKnownFileType = text.plist.xml; path = Info.plist; sourceTree = "<group>"; };
		D1D6C73629B6CF4A003199D3 /* Models */ = {isa = PBXFileReference; lastKnownFileType = folder; path = Models; sourceTree = "<group>"; };
		D1D6C73A29B6D28B003199D3 /* MoviesViewController.swift */ = {isa = PBXFileReference; fileEncoding = 4; lastKnownFileType = sourcecode.swift; path = MoviesViewController.swift; sourceTree = "<group>"; };
		D1D6C73C29B6D2C3003199D3 /* DetailViewController.swift */ = {isa = PBXFileReference; fileEncoding = 4; lastKnownFileType = sourcecode.swift; path = DetailViewController.swift; sourceTree = "<group>"; };
		D1D6C74829B6DD3A003199D3 /* Movie.swift */ = {isa = PBXFileReference; lastKnownFileType = sourcecode.swift; name = Movie.swift; path = Flixster_PT1/Models/Movie.swift; sourceTree = "<group>"; };
		D1D6C74C29B6E29B003199D3 /* MovieCell.swift */ = {isa = PBXFileReference; lastKnownFileType = sourcecode.swift; path = MovieCell.swift; sourceTree = "<group>"; };
/* End PBXFileReference section */

/* Begin PBXFrameworksBuildPhase section */
		D1D6C71A29B6BF64003199D3 /* Frameworks */ = {
			isa = PBXFrameworksBuildPhase;
			buildActionMask = 2147483647;
			files = (
				D1D6C74429B6D3E3003199D3 /* NukeUI in Frameworks */,
				D1D6C74029B6D3E3003199D3 /* Nuke in Frameworks */,
				D1D6C74229B6D3E3003199D3 /* NukeExtensions in Frameworks */,
				D1D6C74629B6D3E3003199D3 /* NukeVideo in Frameworks */,
			);
			runOnlyForDeploymentPostprocessing = 0;
		};
/* End PBXFrameworksBuildPhase section */

/* Begin PBXGroup section */
		D1D6C71429B6BF64003199D3 = {
			isa = PBXGroup;
			children = (
				D1D6C74829B6DD3A003199D3 /* Movie.swift */,
				D1D6C71F29B6BF64003199D3 /* Flixster_PT1 */,
				D1D6C71E29B6BF64003199D3 /* Products */,
			);
			sourceTree = "<group>";
		};
		D1D6C71E29B6BF64003199D3 /* Products */ = {
			isa = PBXGroup;
			children = (
				D1D6C71D29B6BF64003199D3 /* Flixster_PT1.app */,
			);
			name = Products;
			sourceTree = "<group>";
		};
		D1D6C71F29B6BF64003199D3 /* Flixster_PT1 */ = {
			isa = PBXGroup;
			children = (
				D1D6C73C29B6D2C3003199D3 /* DetailViewController.swift */,
				D1D6C73A29B6D28B003199D3 /* MoviesViewController.swift */,
				D1D6C74C29B6E29B003199D3 /* MovieCell.swift */,
				D1D6C73629B6CF4A003199D3 /* Models */,
				D1D6C72029B6BF64003199D3 /* AppDelegate.swift */,
				D1D6C72229B6BF64003199D3 /* SceneDelegate.swift */,
				D1D6C72429B6BF64003199D3 /* ViewController.swift */,
				D1D6C72629B6BF64003199D3 /* Main.storyboard */,
				D1D6C72929B6BF66003199D3 /* Assets.xcassets */,
				D1D6C72B29B6BF66003199D3 /* LaunchScreen.storyboard */,
				D1D6C72E29B6BF66003199D3 /* Info.plist */,
			);
			path = Flixster_PT1;
			sourceTree = "<group>";
		};
/* End PBXGroup section */

/* Begin PBXNativeTarget section */
		D1D6C71C29B6BF64003199D3 /* Flixster_PT1 */ = {
			isa = PBXNativeTarget;
			buildConfigurationList = D1D6C73129B6BF66003199D3 /* Build configuration list for PBXNativeTarget "Flixster_PT1" */;
			buildPhases = (
				D1D6C71929B6BF64003199D3 /* Sources */,
				D1D6C71A29B6BF64003199D3 /* Frameworks */,
				D1D6C71B29B6BF64003199D3 /* Resources */,
			);
			buildRules = (
			);
			dependencies = (
			);
			name = Flixster_PT1;
			packageProductDependencies = (
				D1D6C73F29B6D3E3003199D3 /* Nuke */,
				D1D6C74129B6D3E3003199D3 /* NukeExtensions */,
				D1D6C74329B6D3E3003199D3 /* NukeUI */,
				D1D6C74529B6D3E3003199D3 /* NukeVideo */,
			);
			productName = Flixster_PT1;
			productReference = D1D6C71D29B6BF64003199D3 /* Flixster_PT1.app */;
			productType = "com.apple.product-type.application";
		};
/* End PBXNativeTarget section */

/* Begin PBXProject section */
		D1D6C71529B6BF64003199D3 /* Project object */ = {
			isa = PBXProject;
			attributes = {
				BuildIndependentTargetsInParallel = 1;
				LastSwiftUpdateCheck = 1420;
				LastUpgradeCheck = 1420;
				TargetAttributes = {
					D1D6C71C29B6BF64003199D3 = {
						CreatedOnToolsVersion = 14.2;
					};
				};
			};
			buildConfigurationList = D1D6C71829B6BF64003199D3 /* Build configuration list for PBXProject "Flixster_PT1" */;
			compatibilityVersion = "Xcode 14.0";
			developmentRegion = en;
			hasScannedForEncodings = 0;
			knownRegions = (
				en,
				Base,
			);
			mainGroup = D1D6C71429B6BF64003199D3;
			packageReferences = (
				D1D6C73E29B6D3E3003199D3 /* XCRemoteSwiftPackageReference "Nuke" */,
			);
			productRefGroup = D1D6C71E29B6BF64003199D3 /* Products */;
			projectDirPath = "";
			projectRoot = "";
			targets = (
				D1D6C71C29B6BF64003199D3 /* Flixster_PT1 */,
			);
		};
/* End PBXProject section */

/* Begin PBXResourcesBuildPhase section */
		D1D6C71B29B6BF64003199D3 /* Resources */ = {
			isa = PBXResourcesBuildPhase;
			buildActionMask = 2147483647;
			files = (
				D1D6C72D29B6BF66003199D3 /* LaunchScreen.storyboard in Resources */,
				D1D6C72A29B6BF66003199D3 /* Assets.xcassets in Resources */,
				D1D6C73729B6CF4A003199D3 /* Models in Resources */,
				D1D6C72829B6BF64003199D3 /* Main.storyboard in Resources */,
			);
			runOnlyForDeploymentPostprocessing = 0;
		};
/* End PBXResourcesBuildPhase section */

/* Begin PBXSourcesBuildPhase section */
		D1D6C71929B6BF64003199D3 /* Sources */ = {
			isa = PBXSourcesBuildPhase;
			buildActionMask = 2147483647;
			files = (
				D1D6C74D29B6E29B003199D3 /* MovieCell.swift in Sources */,
				D1D6C74929B6DD3A003199D3 /* Movie.swift in Sources */,
				D1D6C73B29B6D28C003199D3 /* MoviesViewController.swift in Sources */,
				D1D6C72529B6BF64003199D3 /* ViewController.swift in Sources */,
				D1D6C73D29B6D2C3003199D3 /* DetailViewController.swift in Sources */,
				D1D6C72129B6BF64003199D3 /* AppDelegate.swift in Sources */,
				D1D6C72329B6BF64003199D3 /* SceneDelegate.swift in Sources */,
			);
			runOnlyForDeploymentPostprocessing = 0;
		};
/* End PBXSourcesBuildPhase section */

/* Begin PBXVariantGroup section */
		D1D6C72629B6BF64003199D3 /* Main.storyboard */ = {
			isa = PBXVariantGroup;
			children = (
				D1D6C72729B6BF64003199D3 /* Base */,
			);
			name = Main.storyboard;
			sourceTree = "<group>";
		};
		D1D6C72B29B6BF66003199D3 /* LaunchScreen.storyboard */ = {
			isa = PBXVariantGroup;
			children = (
				D1D6C72C29B6BF66003199D3 /* Base */,
			);
			name = LaunchScreen.storyboard;
			sourceTree = "<group>";
		};
/* End PBXVariantGroup section */

/* Begin XCBuildConfiguration section */
		D1D6C72F29B6BF66003199D3 /* Debug */ = {
			isa = XCBuildConfiguration;
			buildSettings = {
				ALWAYS_SEARCH_USER_PATHS = NO;
				CLANG_ANALYZER_NONNULL = YES;
				CLANG_ANALYZER_NUMBER_OBJECT_CONVERSION = YES_AGGRESSIVE;
				CLANG_CXX_LANGUAGE_STANDARD = "gnu++20";
				CLANG_ENABLE_MODULES = YES;
				CLANG_ENABLE_OBJC_ARC = YES;
				CLANG_ENABLE_OBJC_WEAK = YES;
				CLANG_WARN_BLOCK_CAPTURE_AUTORELEASING = YES;
				CLANG_WARN_BOOL_CONVERSION = YES;
				CLANG_WARN_COMMA = YES;
				CLANG_WARN_CONSTANT_CONVERSION = YES;
				CLANG_WARN_DEPRECATED_OBJC_IMPLEMENTATIONS = YES;
				CLANG_WARN_DIRECT_OBJC_ISA_USAGE = YES_ERROR;
				CLANG_WARN_DOCUMENTATION_COMMENTS = YES;
				CLANG_WARN_EMPTY_BODY = YES;
				CLANG_WARN_ENUM_CONVERSION = YES;
				CLANG_WARN_INFINITE_RECURSION = YES;
				CLANG_WARN_INT_CONVERSION = YES;
				CLANG_WARN_NON_LITERAL_NULL_CONVERSION = YES;
				CLANG_WARN_OBJC_IMPLICIT_RETAIN_SELF = YES;
				CLANG_WARN_OBJC_LITERAL_CONVERSION = YES;
				CLANG_WARN_OBJC_ROOT_CLASS = YES_ERROR;
				CLANG_WARN_QUOTED_INCLUDE_IN_FRAMEWORK_HEADER = YES;
				CLANG_WARN_RANGE_LOOP_ANALYSIS = YES;
				CLANG_WARN_STRICT_PROTOTYPES = YES;
				CLANG_WARN_SUSPICIOUS_MOVE = YES;
				CLANG_WARN_UNGUARDED_AVAILABILITY = YES_AGGRESSIVE;
				CLANG_WARN_UNREACHABLE_CODE = YES;
				CLANG_WARN__DUPLICATE_METHOD_MATCH = YES;
				COPY_PHASE_STRIP = NO;
				DEBUG_INFORMATION_FORMAT = dwarf;
				ENABLE_STRICT_OBJC_MSGSEND = YES;
				ENABLE_TESTABILITY = YES;
				GCC_C_LANGUAGE_STANDARD = gnu11;
				GCC_DYNAMIC_NO_PIC = NO;
				GCC_NO_COMMON_BLOCKS = YES;
				GCC_OPTIMIZATION_LEVEL = 0;
				GCC_PREPROCESSOR_DEFINITIONS = (
					"DEBUG=1",
					"$(inherited)",
				);
				GCC_WARN_64_TO_32_BIT_CONVERSION = YES;
				GCC_WARN_ABOUT_RETURN_TYPE = YES_ERROR;
				GCC_WARN_UNDECLARED_SELECTOR = YES;
				GCC_WARN_UNINITIALIZED_AUTOS = YES_AGGRESSIVE;
				GCC_WARN_UNUSED_FUNCTION = YES;
				GCC_WARN_UNUSED_VARIABLE = YES;
				IPHONEOS_DEPLOYMENT_TARGET = 16.2;
				MTL_ENABLE_DEBUG_INFO = INCLUDE_SOURCE;
				MTL_FAST_MATH = YES;
				ONLY_ACTIVE_ARCH = YES;
				SDKROOT = iphoneos;
				SWIFT_ACTIVE_COMPILATION_CONDITIONS = DEBUG;
				SWIFT_OPTIMIZATION_LEVEL = "-Onone";
			};
			name = Debug;
		};
		D1D6C73029B6BF66003199D3 /* Release */ = {
			isa = XCBuildConfiguration;
			buildSettings = {
				ALWAYS_SEARCH_USER_PATHS = NO;
				CLANG_ANALYZER_NONNULL = YES;
				CLANG_ANALYZER_NUMBER_OBJECT_CONVERSION = YES_AGGRESSIVE;
				CLANG_CXX_LANGUAGE_STANDARD = "gnu++20";
				CLANG_ENABLE_MODULES = YES;
				CLANG_ENABLE_OBJC_ARC = YES;
				CLANG_ENABLE_OBJC_WEAK = YES;
				CLANG_WARN_BLOCK_CAPTURE_AUTORELEASING = YES;
				CLANG_WARN_BOOL_CONVERSION = YES;
				CLANG_WARN_COMMA = YES;
				CLANG_WARN_CONSTANT_CONVERSION = YES;
				CLANG_WARN_DEPRECATED_OBJC_IMPLEMENTATIONS = YES;
				CLANG_WARN_DIRECT_OBJC_ISA_USAGE = YES_ERROR;
				CLANG_WARN_DOCUMENTATION_COMMENTS = YES;
				CLANG_WARN_EMPTY_BODY = YES;
				CLANG_WARN_ENUM_CONVERSION = YES;
				CLANG_WARN_INFINITE_RECURSION = YES;
				CLANG_WARN_INT_CONVERSION = YES;
				CLANG_WARN_NON_LITERAL_NULL_CONVERSION = YES;
				CLANG_WARN_OBJC_IMPLICIT_RETAIN_SELF = YES;
				CLANG_WARN_OBJC_LITERAL_CONVERSION = YES;
				CLANG_WARN_OBJC_ROOT_CLASS = YES_ERROR;
				CLANG_WARN_QUOTED_INCLUDE_IN_FRAMEWORK_HEADER = YES;
				CLANG_WARN_RANGE_LOOP_ANALYSIS = YES;
				CLANG_WARN_STRICT_PROTOTYPES = YES;
				CLANG_WARN_SUSPICIOUS_MOVE = YES;
				CLANG_WARN_UNGUARDED_AVAILABILITY = YES_AGGRESSIVE;
				CLANG_WARN_UNREACHABLE_CODE = YES;
				CLANG_WARN__DUPLICATE_METHOD_MATCH = YES;
				COPY_PHASE_STRIP = NO;
				DEBUG_INFORMATION_FORMAT = "dwarf-with-dsym";
				ENABLE_NS_ASSERTIONS = NO;
				ENABLE_STRICT_OBJC_MSGSEND = YES;
				GCC_C_LANGUAGE_STANDARD = gnu11;
				GCC_NO_COMMON_BLOCKS = YES;
				GCC_WARN_64_TO_32_BIT_CONVERSION = YES;
				GCC_WARN_ABOUT_RETURN_TYPE = YES_ERROR;
				GCC_WARN_UNDECLARED_SELECTOR = YES;
				GCC_WARN_UNINITIALIZED_AUTOS = YES_AGGRESSIVE;
				GCC_WARN_UNUSED_FUNCTION = YES;
				GCC_WARN_UNUSED_VARIABLE = YES;
				IPHONEOS_DEPLOYMENT_TARGET = 16.2;
				MTL_ENABLE_DEBUG_INFO = NO;
				MTL_FAST_MATH = YES;
				SDKROOT = iphoneos;
				SWIFT_COMPILATION_MODE = wholemodule;
				SWIFT_OPTIMIZATION_LEVEL = "-O";
				VALIDATE_PRODUCT = YES;
			};
			name = Release;
		};
		D1D6C73229B6BF66003199D3 /* Debug */ = {
			isa = XCBuildConfiguration;
			buildSettings = {
				ASSETCATALOG_COMPILER_APPICON_NAME = AppIcon;
				ASSETCATALOG_COMPILER_GLOBAL_ACCENT_COLOR_NAME = AccentColor;
				CODE_SIGN_STYLE = Automatic;
				CURRENT_PROJECT_VERSION = 1;
				DEVELOPMENT_TEAM = G56P55Z35C;
				GENERATE_INFOPLIST_FILE = YES;
				INFOPLIST_FILE = Flixster_PT1/Info.plist;
				INFOPLIST_KEY_UIApplicationSupportsIndirectInputEvents = YES;
				INFOPLIST_KEY_UILaunchStoryboardName = LaunchScreen;
				INFOPLIST_KEY_UIMainStoryboardFile = Main;
				INFOPLIST_KEY_UISupportedInterfaceOrientations_iPad = "UIInterfaceOrientationPortrait UIInterfaceOrientationPortraitUpsideDown UIInterfaceOrientationLandscapeLeft UIInterfaceOrientationLandscapeRight";
				INFOPLIST_KEY_UISupportedInterfaceOrientations_iPhone = "UIInterfaceOrientationPortrait UIInterfaceOrientationLandscapeLeft UIInterfaceOrientationLandscapeRight";
				LD_RUNPATH_SEARCH_PATHS = (
					"$(inherited)",
					"@executable_path/Frameworks",
				);
				MARKETING_VERSION = 1.0;
				PRODUCT_BUNDLE_IDENTIFIER = "samyakjain.Flixster-PT1";
				PRODUCT_NAME = "$(TARGET_NAME)";
				SWIFT_EMIT_LOC_STRINGS = YES;
				SWIFT_VERSION = 5.0;
				TARGETED_DEVICE_FAMILY = "1,2";
			};
			name = Debug;
		};
		D1D6C73329B6BF66003199D3 /* Release */ = {
			isa = XCBuildConfiguration;
			buildSettings = {
				ASSETCATALOG_COMPILER_APPICON_NAME = AppIcon;
				ASSETCATALOG_COMPILER_GLOBAL_ACCENT_COLOR_NAME = AccentColor;
				CODE_SIGN_STYLE = Automatic;
				CURRENT_PROJECT_VERSION = 1;
				DEVELOPMENT_TEAM = G56P55Z35C;
				GENERATE_INFOPLIST_FILE = YES;
				INFOPLIST_FILE = Flixster_PT1/Info.plist;
				INFOPLIST_KEY_UIApplicationSupportsIndirectInputEvents = YES;
				INFOPLIST_KEY_UILaunchStoryboardName = LaunchScreen;
				INFOPLIST_KEY_UIMainStoryboardFile = Main;
				INFOPLIST_KEY_UISupportedInterfaceOrientations_iPad = "UIInterfaceOrientationPortrait UIInterfaceOrientationPortraitUpsideDown UIInterfaceOrientationLandscapeLeft UIInterfaceOrientationLandscapeRight";
				INFOPLIST_KEY_UISupportedInterfaceOrientations_iPhone = "UIInterfaceOrientationPortrait UIInterfaceOrientationLandscapeLeft UIInterfaceOrientationLandscapeRight";
				LD_RUNPATH_SEARCH_PATHS = (
					"$(inherited)",
					"@executable_path/Frameworks",
				);
				MARKETING_VERSION = 1.0;
				PRODUCT_BUNDLE_IDENTIFIER = "samyakjain.Flixster-PT1";
				PRODUCT_NAME = "$(TARGET_NAME)";
				SWIFT_EMIT_LOC_STRINGS = YES;
				SWIFT_VERSION = 5.0;
				TARGETED_DEVICE_FAMILY = "1,2";
			};
			name = Release;
		};
/* End XCBuildConfiguration section */

/* Begin XCConfigurationList section */
		D1D6C71829B6BF64003199D3 /* Build configuration list for PBXProject "Flixster_PT1" */ = {
			isa = XCConfigurationList;
			buildConfigurations = (
				D1D6C72F29B6BF66003199D3 /* Debug */,
				D1D6C73029B6BF66003199D3 /* Release */,
			);
			defaultConfigurationIsVisible = 0;
			defaultConfigurationName = Release;
		};
		D1D6C73129B6BF66003199D3 /* Build configuration list for PBXNativeTarget "Flixster_PT1" */ = {
			isa = XCConfigurationList;
			buildConfigurations = (
				D1D6C73229B6BF66003199D3 /* Debug */,
				D1D6C73329B6BF66003199D3 /* Release */,
			);
			defaultConfigurationIsVisible = 0;
			defaultConfigurationName = Release;
		};
/* End XCConfigurationList section */

/* Begin XCRemoteSwiftPackageReference section */
		D1D6C73E29B6D3E3003199D3 /* XCRemoteSwiftPackageReference "Nuke" */ = {
			isa = XCRemoteSwiftPackageReference;
			repositoryURL = "https://github.com/kean/Nuke.git";
			requirement = {
				branch = main;
				kind = branch;
			};
		};
/* End XCRemoteSwiftPackageReference section */

/* Begin XCSwiftPackageProductDependency section */
		D1D6C73F29B6D3E3003199D3 /* Nuke */ = {
			isa = XCSwiftPackageProductDependency;
			package = D1D6C73E29B6D3E3003199D3 /* XCRemoteSwiftPackageReference "Nuke" */;
			productName = Nuke;
		};
		D1D6C74129B6D3E3003199D3 /* NukeExtensions */ = {
			isa = XCSwiftPackageProductDependency;
			package = D1D6C73E29B6D3E3003199D3 /* XCRemoteSwiftPackageReference "Nuke" */;
			productName = NukeExtensions;
		};
		D1D6C74329B6D3E3003199D3 /* NukeUI */ = {
			isa = XCSwiftPackageProductDependency;
			package = D1D6C73E29B6D3E3003199D3 /* XCRemoteSwiftPackageReference "Nuke" */;
			productName = NukeUI;
		};
		D1D6C74529B6D3E3003199D3 /* NukeVideo */ = {
			isa = XCSwiftPackageProductDependency;
			package = D1D6C73E29B6D3E3003199D3 /* XCRemoteSwiftPackageReference "Nuke" */;
			productName = NukeVideo;
		};
/* End XCSwiftPackageProductDependency section */
	};
	rootObject = D1D6C71529B6BF64003199D3 /* Project object */;
}
